
Microsoft Visual Studio Solution File, Format Version 12.00
# Visual Studio Version 17
VisualStudioVersion = 17.2.32630.192
MinimumVisualStudioVersion = 10.0.40219.1
Project("{FAE04EC0-301F-11D3-BF4B-00C04F79EFBC}") = "NPL.M.A009", "NPL.M.A009\NPL.M.A009.csproj", "{B285CDA1-50ED-4FEE-A5BE-BEA64B4D71EA}"
EndProject
Global
	GlobalSection(SolutionConfigurationPlatforms) = preSolution
		Debug|Any CPU = Debug|Any CPU
		Release|Any CPU = Release|Any CPU
	EndGlobalSection
	GlobalSection(ProjectConfigurationPlatforms) = postSolution
		{B285CDA1-50ED-4FEE-A5BE-BEA64B4D71EA}.Debug|Any CPU.ActiveCfg = Debug|Any CPU
		{B285CDA1-50ED-4FEE-A5BE-BEA64B4D71EA}.Debug|Any CPU.Build.0 = Debug|Any CPU
		{B285CDA1-50ED-4FEE-A5BE-BEA64B4D71EA}.Release|Any CPU.ActiveCfg = Release|Any CPU
		{B285CDA1-50ED-4FEE-A5BE-BEA64B4D71EA}.Release|Any CPU.Build.0 = Release|Any CPU
	EndGlobalSection
	GlobalSection(SolutionProperties) = preSolution
		HideSolutionNode = FALSE
	EndGlobalSection
	GlobalSection(ExtensibilityGlobals) = postSolution
		SolutionGuid = {829C84AC-12BD-4D48-ABA0-5B46BAF152D5}
	EndGlobalSection
EndGlobal
